
Microsoft Visual Studio Solution File, Format Version 12.00
# Visual Studio Version 17
VisualStudioVersion = 17.13.35828.75 d17.13
MinimumVisualStudioVersion = 10.0.40219.1
Project("{FAE04EC0-301F-11D3-BF4B-00C04F79EFBC}") = "RiceMgmtApp", "RiceMgmtApp\RiceMgmtApp.csproj", "{F63A1A07-7816-403C-9F0C-524A131D863A}"
EndProject
Global
	GlobalSection(SolutionConfigurationPlatforms) = preSolution
		Debug|Any CPU = Debug|Any CPU
		Release|Any CPU = Release|Any CPU
	EndGlobalSection
	GlobalSection(ProjectConfigurationPlatforms) = postSolution
		{F63A1A07-7816-403C-9F0C-524A131D863A}.Debug|Any CPU.ActiveCfg = Debug|Any CPU
		{F63A1A07-7816-403C-9F0C-524A131D863A}.Debug|Any CPU.Build.0 = Debug|Any CPU
		{F63A1A07-7816-403C-9F0C-524A131D863A}.Release|Any CPU.ActiveCfg = Release|Any CPU
		{F63A1A07-7816-403C-9F0C-524A131D863A}.Release|Any CPU.Build.0 = Release|Any CPU
	EndGlobalSection
	GlobalSection(SolutionProperties) = preSolution
		HideSolutionNode = FALSE
	EndGlobalSection
	GlobalSection(ExtensibilityGlobals) = postSolution
		SolutionGuid = {606210C1-BC89-41AE-9706-8491A748C68A}
	EndGlobalSection
EndGlobal
